dependencies:
  cli:
    dependencies: []
    source:
      path: ../../cli
      type: local
    version: 0.1.0
  diag:
    dependencies: []
    source:
      path: ../../diag
      type: local
    version: 0.1.1
  espressif/mdns:
    component_hash: e81ca7a7f53ea34e78274df054da692c272e1315572876b237b1748e267c013b
    dependencies:
    - name: idf
      require: private
      version: '>=5.0'
    source:
      registry_url: https://components.espressif.com/
      type: service
    version: 1.11.3
  espressif/mqtt:
    component_hash: fb18bc3b65aa8c94693a9811ffc322cca8a65d92d5ec84983d3e385080e3969c
    dependencies:
    - name: idf
      require: private
      version: '>=5.3'
    source:
      registry_url: https://components.espressif.com/
      type: service
    version: 1.1.0
  http_server:
    dependencies: []
    source:
      path: ../../http_server
      type: local
    version: 0.2.0
  idf:
    source:
      type: idf
    version: 6.0.2
  js2c:
    dependencies: []
    source:
      path: ../../js2c
      type: local
    version: 0.1.0
  net_events:
    dependencies: []
    source:
      path: ../../net_events
      type: local
    version: 0.1.0
direct_dependencies:
- cli
- diag
- espressif/mdns
- espressif/mqtt
- http_server
- idf
- js2c
- net_events
manifest_hash: 4e86427d1b24180325f51f9d504eddfef02f61d3669119c85c9abdb4f0900dec
target: esp32s3
version: 3.0.0
